<Solution>
  <Folder Name="/src/">
    <Project Path="src/RevenantWorkspaceSidekick.Cli/RevenantWorkspaceSidekick.Cli.csproj" />
    <Project Path="src/RevenantWorkspaceSidekick.Core/RevenantWorkspaceSidekick.Core.csproj" />
    <Project Path="src/RevenantWorkspaceSidekick.Rules/RevenantWorkspaceSidekick.Rules.csproj" />
  </Folder>
  <Folder Name="/tests/">
    <Project Path="tests/RevenantWorkspaceSidekick.Tests/RevenantWorkspaceSidekick.Tests.csproj" />
  </Folder>
</Solution>
